// !$*UTF8*$!
{
	archiveVersion = 1;
	classes = {
	};
	objectVersion = 55;
	objects = {

/* Begin PBXBuildFile section */
		0B4D4A6C2765CAA100D9A693 /* Main.storyboard in Resources */ = {isa = PBXBuildFile; fileRef = 0B4D4A6B2765CAA100D9A693 /* Main.storyboard */; };
		0B4D4A6E2765CAD900D9A693 /* LaunchScreen.storyboard in Resources */ = {isa = PBXBuildFile; fileRef = 0B4D4A6D2765CAD900D9A693 /* LaunchScreen.storyboard */; };
		0B4D4A702765D82000D9A693 /* signInViewController.swift in Sources */ = {isa = PBXBuildFile; fileRef = 0B4D4A6F2765D82000D9A693 /* signInViewController.swift */; };
		0B4D4A722765D83F00D9A693 /* signUpViewController.swift in Sources */ = {isa = PBXBuildFile; fileRef = 0B4D4A712765D83F00D9A693 /* signUpViewController.swift */; };
		0B4D4A772765EED700D9A693 /* animationViewController.swift in Sources */ = {isa = PBXBuildFile; fileRef = 0B4D4A762765EED700D9A693 /* animationViewController.swift */; };
		0B4D4A7F27662E3100D9A693 /* GoogleService-Info.plist in Resources */ = {isa = PBXBuildFile; fileRef = 0B4D4A7E27662E3100D9A693 /* GoogleService-Info.plist */; };
		0B4D4A8227662F4900D9A693 /* FirebaseAnalytics in Frameworks */ = {isa = PBXBuildFile; productRef = 0B4D4A8127662F4900D9A693 /* FirebaseAnalytics */; };
		0B4D4A8427662F4900D9A693 /* FirebaseAuth in Frameworks */ = {isa = PBXBuildFile; productRef = 0B4D4A8327662F4900D9A693 /* FirebaseAuth */; };
		0B4D4A8627662F4900D9A693 /* FirebaseFirestore in Frameworks */ = {isa = PBXBuildFile; productRef = 0B4D4A8527662F4900D9A693 /* FirebaseFirestore */; };
		0B4D4A892766315200D9A693 /* User.swift in Sources */ = {isa = PBXBuildFile; fileRef = 0B4D4A882766315200D9A693 /* User.swift */; };
		0B4D4A8B2766317200D9A693 /* UserApi.swift in Sources */ = {isa = PBXBuildFile; fileRef = 0B4D4A8A2766317200D9A693 /* UserApi.swift */; };
		0B9198EC2760C9B400CEDA78 /* AppDelegate.swift in Sources */ = {isa = PBXBuildFile; fileRef = 0B9198EB2760C9B400CEDA78 /* AppDelegate.swift */; };
		0B9198EE2760C9B400CEDA78 /* ContentView.swift in Sources */ = {isa = PBXBuildFile; fileRef = 0B9198ED2760C9B400CEDA78 /* ContentView.swift */; };
		0B9199332762761E00CEDA78 /* model.swift in Sources */ = {isa = PBXBuildFile; fileRef = 0B9199322762761E00CEDA78 /* model.swift */; };
		0BDA1192276777F4002209A8 /* Media.xcassets in Resources */ = {isa = PBXBuildFile; fileRef = 0BDA1191276777F4002209A8 /* Media.xcassets */; };
		0BDE86A62767BF15002B7D57 /* flower.usdz in Resources */ = {isa = PBXBuildFile; fileRef = 0BDE86A52767BF15002B7D57 /* flower.usdz */; };
		0BDE86A82767BFB1002B7D57 /* gramophone.usdz in Resources */ = {isa = PBXBuildFile; fileRef = 0BDE86A72767BFB1002B7D57 /* gramophone.usdz */; };
		0BDE86AA2767C0C4002B7D57 /* fender.usdz in Resources */ = {isa = PBXBuildFile; fileRef = 0BDE86A92767C0C4002B7D57 /* fender.usdz */; };
		0BDE86B92768B3D0002B7D57 /* Double-barrel_pistol.usdz in Resources */ = {isa = PBXBuildFile; fileRef = 0BDE86B82768B3D0002B7D57 /* Double-barrel_pistol.usdz */; };
		0BDE86BB2768B8C4002B7D57 /* Candlestick.usdz in Resources */ = {isa = PBXBuildFile; fileRef = 0BDE86BA2768B8C3002B7D57 /* Candlestick.usdz */; };
		0BDE86BD2768B8CE002B7D57 /* Joachim.usdz in Resources */ = {isa = PBXBuildFile; fileRef = 0BDE86BC2768B8CE002B7D57 /* Joachim.usdz */; };
		0BDE86BF2768B8D2002B7D57 /* Table.usdz in Resources */ = {isa = PBXBuildFile; fileRef = 0BDE86BE2768B8D2002B7D57 /* Table.usdz */; };
		0BDE86C12768B8DA002B7D57 /* Comet.usdz in Resources */ = {isa = PBXBuildFile; fileRef = 0BDE86C02768B8DA002B7D57 /* Comet.usdz */; };
/* End PBXBuildFile section */

/* Begin PBXFileReference section */
		0B4D4A6B2765CAA100D9A693 /* Main.storyboard */ = {isa = PBXFileReference; lastKnownFileType = file.storyboard; path = Main.storyboard; sourceTree = "<group>"; };
		0B4D4A6D2765CAD900D9A693 /* LaunchScreen.storyboard */ = {isa = PBXFileReference; lastKnownFileType = file.storyboard; path = LaunchScreen.storyboard; sourceTree = "<group>"; };
		0B4D4A6F2765D82000D9A693 /* signInViewController.swift */ = {isa = PBXFileReference; lastKnownFileType = sourcecode.swift; path = signInViewController.swift; sourceTree = "<group>"; };
		0B4D4A712765D83F00D9A693 /* signUpViewController.swift */ = {isa = PBXFileReference; lastKnownFileType = sourcecode.swift; path = signUpViewController.swift; sourceTree = "<group>"; };
		0B4D4A762765EED700D9A693 /* animationViewController.swift */ = {isa = PBXFileReference; lastKnownFileType = sourcecode.swift; path = animationViewController.swift; sourceTree = "<group>"; };
		0B4D4A7E27662E3100D9A693 /* GoogleService-Info.plist */ = {isa = PBXFileReference; fileEncoding = 4; lastKnownFileType = text.plist.xml; path = "GoogleService-Info.plist"; sourceTree = "<group>"; };
		0B4D4A882766315200D9A693 /* User.swift */ = {isa = PBXFileReference; lastKnownFileType = sourcecode.swift; path = User.swift; sourceTree = "<group>"; };
		0B4D4A8A2766317200D9A693 /* UserApi.swift */ = {isa = PBXFileReference; lastKnownFileType = sourcecode.swift; path = UserApi.swift; sourceTree = "<group>"; };
		0B9198E82760C9B400CEDA78 /* FAS.app */ = {isa = PBXFileReference; explicitFileType = wrapper.application; includeInIndex = 0; path = FAS.app; sourceTree = BUILT_PRODUCTS_DIR; };
		0B9198EB2760C9B400CEDA78 /* AppDelegate.swift */ = {isa = PBXFileReference; lastKnownFileType = sourcecode.swift; path = AppDelegate.swift; sourceTree = "<group>"; };
		0B9198ED2760C9B400CEDA78 /* ContentView.swift */ = {isa = PBXFileReference; lastKnownFileType = sourcecode.swift; path = ContentView.swift; sourceTree = "<group>"; };
		0B9199322762761E00CEDA78 /* model.swift */ = {isa = PBXFileReference; lastKnownFileType = sourcecode.swift; path = model.swift; sourceTree = "<group>"; };
		0BDA1191276777F4002209A8 /* Media.xcassets */ = {isa = PBXFileReference; lastKnownFileType = folder.assetcatalog; path = Media.xcassets; sourceTree = "<group>"; };
		0BDE86A52767BF15002B7D57 /* flower.usdz */ = {isa = PBXFileReference; lastKnownFileType = file.usdz; path = flower.usdz; sourceTree = "<group>"; };
		0BDE86A72767BFB1002B7D57 /* gramophone.usdz */ = {isa = PBXFileReference; lastKnownFileType = file.usdz; path = gramophone.usdz; sourceTree = "<group>"; };
		0BDE86A92767C0C4002B7D57 /* fender.usdz */ = {isa = PBXFileReference; lastKnownFileType = file.usdz; path = fender.usdz; sourceTree = "<group>"; };
		0BDE86B82768B3D0002B7D57 /* Double-barrel_pistol.usdz */ = {isa = PBXFileReference; lastKnownFileType = file.usdz; path = "Double-barrel_pistol.usdz"; sourceTree = "<group>"; };
		0BDE86BA2768B8C3002B7D57 /* Candlestick.usdz */ = {isa = PBXFileReference; lastKnownFileType = file.usdz; path = Candlestick.usdz; sourceTree = "<group>"; };
		0BDE86BC2768B8CE002B7D57 /* Joachim.usdz */ = {isa = PBXFileReference; lastKnownFileType = file.usdz; path = Joachim.usdz; sourceTree = "<group>"; };
		0BDE86BE2768B8D2002B7D57 /* Table.usdz */ = {isa = PBXFileReference; lastKnownFileType = file.usdz; path = Table.usdz; sourceTree = "<group>"; };
		0BDE86C02768B8DA002B7D57 /* Comet.usdz */ = {isa = PBXFileReference; lastKnownFileType = file.usdz; path = Comet.usdz; sourceTree = "<group>"; };
/* End PBXFileReference section */

/* Begin PBXFrameworksBuildPhase section */
		0B9198E52760C9B400CEDA78 /* Frameworks */ = {
			isa = PBXFrameworksBuildPhase;
			buildActionMask = 2147483647;
			files = (
				0B4D4A8227662F4900D9A693 /* FirebaseAnalytics in Frameworks */,
				0B4D4A8427662F4900D9A693 /* FirebaseAuth in Frameworks */,
				0B4D4A8627662F4900D9A693 /* FirebaseFirestore in Frameworks */,
			);
			runOnlyForDeploymentPostprocessing = 0;
		};
/* End PBXFrameworksBuildPhase section */

/* Begin PBXGroup section */
		0B4D4A6A2765CA8100D9A693 /* View */ = {
			isa = PBXGroup;
			children = (
				0B4D4A7E27662E3100D9A693 /* GoogleService-Info.plist */,
				0B4D4A6B2765CAA100D9A693 /* Main.storyboard */,
				0B4D4A6D2765CAD900D9A693 /* LaunchScreen.storyboard */,
			);
			path = View;
			sourceTree = "<group>";
		};
		0B4D4A732765DDA500D9A693 /* Register and login */ = {
			isa = PBXGroup;
			children = (
				0B4D4A712765D83F00D9A693 /* signUpViewController.swift */,
				0B4D4A6F2765D82000D9A693 /* signInViewController.swift */,
				0B4D4A872766312900D9A693 /* MODEL */,
			);
			path = "Register and login";
			sourceTree = "<group>";
		};
		0B4D4A742765ED1000D9A693 /* augmented reality */ = {
			isa = PBXGroup;
			children = (
				0B9198EB2760C9B400CEDA78 /* AppDelegate.swift */,
			);
			path = "augmented reality";
			sourceTree = "<group>";
		};
		0B4D4A752765EDE700D9A693 /* Animation */ = {
			isa = PBXGroup;
			children = (
				0B4D4A762765EED700D9A693 /* animationViewController.swift */,
			);
			path = Animation;
			sourceTree = "<group>";
		};
		0B4D4A872766312900D9A693 /* MODEL */ = {
			isa = PBXGroup;
			children = (
				0B4D4A882766315200D9A693 /* User.swift */,
				0B4D4A8A2766317200D9A693 /* UserApi.swift */,
				0B9199322762761E00CEDA78 /* model.swift */,
			);
			path = MODEL;
			sourceTree = "<group>";
		};
		0B9198DF2760C9B400CEDA78 = {
			isa = PBXGroup;
			children = (
				0B9198EA2760C9B400CEDA78 /* Future store */,
				0B9198E92760C9B400CEDA78 /* Products */,
			);
			sourceTree = "<group>";
		};
		0B9198E92760C9B400CEDA78 /* Products */ = {
			isa = PBXGroup;
			children = (
				0B9198E82760C9B400CEDA78 /* FAS.app */,
			);
			name = Products;
			sourceTree = "<group>";
		};
		0B9198EA2760C9B400CEDA78 /* Future store */ = {
			isa = PBXGroup;
			children = (
				0B9198ED2760C9B400CEDA78 /* ContentView.swift */,
				0BDA1191276777F4002209A8 /* Media.xcassets */,
				0B4D4A732765DDA500D9A693 /* Register and login */,
				0B4D4A742765ED1000D9A693 /* augmented reality */,
				0B4D4A752765EDE700D9A693 /* Animation */,
				0B4D4A6A2765CA8100D9A693 /* View */,
				0B9199172760CBB700CEDA78 /* Image3D */,
			);
			path = "Future store";
			sourceTree = "<group>";
		};
		0B9199172760CBB700CEDA78 /* Image3D */ = {
			isa = PBXGroup;
			children = (
				0BDE86C02768B8DA002B7D57 /* Comet.usdz */,
				0BDE86BE2768B8D2002B7D57 /* Table.usdz */,
				0BDE86BC2768B8CE002B7D57 /* Joachim.usdz */,
				0BDE86BA2768B8C3002B7D57 /* Candlestick.usdz */,
				0BDE86B82768B3D0002B7D57 /* Double-barrel_pistol.usdz */,
				0BDE86A92767C0C4002B7D57 /* fender.usdz */,
				0BDE86A72767BFB1002B7D57 /* gramophone.usdz */,
				0BDE86A52767BF15002B7D57 /* flower.usdz */,
			);
			path = Image3D;
			sourceTree = "<group>";
		};
/* End PBXGroup section */

/* Begin PBXNativeTarget section */
		0B9198E72760C9B400CEDA78 /* Future store */ = {
			isa = PBXNativeTarget;
			buildConfigurationList = 0B91990E2760C9B500CEDA78 /* Build configuration list for PBXNativeTarget "Future store" */;
			buildPhases = (
				0B9198E42760C9B400CEDA78 /* Sources */,
				0B9198E52760C9B400CEDA78 /* Frameworks */,
				0B9198E62760C9B400CEDA78 /* Resources */,
			);
			buildRules = (
			);
			dependencies = (
			);
			name = "Future store";
			packageProductDependencies = (
				0B4D4A8127662F4900D9A693 /* FirebaseAnalytics */,
				0B4D4A8327662F4900D9A693 /* FirebaseAuth */,
				0B4D4A8527662F4900D9A693 /* FirebaseFirestore */,
			);
			productName = "Future store";
			productReference = 0B9198E82760C9B400CEDA78 /* FAS.app */;
			productType = "com.apple.product-type.application";
		};
/* End PBXNativeTarget section */

/* Begin PBXProject section */
		0B9198E02760C9B400CEDA78 /* Project object */ = {
			isa = PBXProject;
			attributes = {
				BuildIndependentTargetsInParallel = 1;
				LastSwiftUpdateCheck = 1310;
				LastUpgradeCheck = 1310;
				TargetAttributes = {
					0B9198E72760C9B400CEDA78 = {
						CreatedOnToolsVersion = 13.1;
					};
				};
			};
			buildConfigurationList = 0B9198E32760C9B400CEDA78 /* Build configuration list for PBXProject "Future store" */;
			compatibilityVersion = "Xcode 13.0";
			developmentRegion = en;
			hasScannedForEncodings = 0;
			knownRegions = (
				en,
				Base,
			);
			mainGroup = 0B9198DF2760C9B400CEDA78;
			packageReferences = (
				0B4D4A8027662F4900D9A693 /* XCRemoteSwiftPackageReference "firebase-ios-sdk" */,
			);
			productRefGroup = 0B9198E92760C9B400CEDA78 /* Products */;
			projectDirPath = "";
			projectRoot = "";
			targets = (
				0B9198E72760C9B400CEDA78 /* Future store */,
			);
		};
/* End PBXProject section */

/* Begin PBXResourcesBuildPhase section */
		0B9198E62760C9B400CEDA78 /* Resources */ = {
			isa = PBXResourcesBuildPhase;
			buildActionMask = 2147483647;
			files = (
				0B4D4A7F27662E3100D9A693 /* GoogleService-Info.plist in Resources */,
				0BDE86A62767BF15002B7D57 /* flower.usdz in Resources */,
				0BDE86C12768B8DA002B7D57 /* Comet.usdz in Resources */,
				0BDA1192276777F4002209A8 /* Media.xcassets in Resources */,
				0B4D4A6C2765CAA100D9A693 /* Main.storyboard in Resources */,
				0BDE86A82767BFB1002B7D57 /* gramophone.usdz in Resources */,
				0B4D4A6E2765CAD900D9A693 /* LaunchScreen.storyboard in Resources */,
				0BDE86BF2768B8D2002B7D57 /* Table.usdz in Resources */,
				0BDE86AA2767C0C4002B7D57 /* fender.usdz in Resources */,
				0BDE86BB2768B8C4002B7D57 /* Candlestick.usdz in Resources */,
				0BDE86B92768B3D0002B7D57 /* Double-barrel_pistol.usdz in Resources */,
				0BDE86BD2768B8CE002B7D57 /* Joachim.usdz in Resources */,
			);
			runOnlyForDeploymentPostprocessing = 0;
		};
/* End PBXResourcesBuildPhase section */

/* Begin PBXSourcesBuildPhase section */
		0B9198E42760C9B400CEDA78 /* Sources */ = {
			isa = PBXSourcesBuildPhase;
			buildActionMask = 2147483647;
			files = (
				0B4D4A722765D83F00D9A693 /* signUpViewController.swift in Sources */,
				0B4D4A702765D82000D9A693 /* signInViewController.swift in Sources */,
				0B9198EE2760C9B400CEDA78 /* ContentView.swift in Sources */,
				0B4D4A772765EED700D9A693 /* animationViewController.swift in Sources */,
				0B4D4A892766315200D9A693 /* User.swift in Sources */,
				0B9199332762761E00CEDA78 /* model.swift in Sources */,
				0B4D4A8B2766317200D9A693 /* UserApi.swift in Sources */,
				0B9198EC2760C9B400CEDA78 /* AppDelegate.swift in Sources */,
			);
			runOnlyForDeploymentPostprocessing = 0;
		};
/* End PBXSourcesBuildPhase section */

/* Begin XCBuildConfiguration section */
		0B91990C2760C9B500CEDA78 /* Debug */ = {
			isa = XCBuildConfiguration;
			buildSettings = {
				ALWAYS_SEARCH_USER_PATHS = NO;
				CLANG_ANALYZER_NONNULL = YES;
				CLANG_ANALYZER_NUMBER_OBJECT_CONVERSION = YES_AGGRESSIVE;
				CLANG_CXX_LANGUAGE_STANDARD = "gnu++17";
				CLANG_CXX_LIBRARY = "libc++";
				CLANG_ENABLE_MODULES = YES;
				CLANG_ENABLE_OBJC_ARC = YES;
				CLANG_ENABLE_OBJC_WEAK = YES;
				CLANG_WARN_BLOCK_CAPTURE_AUTORELEASING = YES;
				CLANG_WARN_BOOL_CONVERSION = YES;
				CLANG_WARN_COMMA = YES;
				CLANG_WARN_CONSTANT_CONVERSION = YES;
				CLANG_WARN_DEPRECATED_OBJC_IMPLEMENTATIONS = YES;
				CLANG_WARN_DIRECT_OBJC_ISA_USAGE = YES_ERROR;
				CLANG_WARN_DOCUMENTATION_COMMENTS = YES;
				CLANG_WARN_EMPTY_BODY = YES;
				CLANG_WARN_ENUM_CONVERSION = YES;
				CLANG_WARN_INFINITE_RECURSION = YES;
				CLANG_WARN_INT_CONVERSION = YES;
				CLANG_WARN_NON_LITERAL_NULL_CONVERSION = YES;
				CLANG_WARN_OBJC_IMPLICIT_RETAIN_SELF = YES;
				CLANG_WARN_OBJC_LITERAL_CONVERSION = YES;
				CLANG_WARN_OBJC_ROOT_CLASS = YES_ERROR;
				CLANG_WARN_QUOTED_INCLUDE_IN_FRAMEWORK_HEADER = YES;
				CLANG_WARN_RANGE_LOOP_ANALYSIS = YES;
				CLANG_WARN_STRICT_PROTOTYPES = YES;
				CLANG_WARN_SUSPICIOUS_MOVE = YES;
				CLANG_WARN_UNGUARDED_AVAILABILITY = YES_AGGRESSIVE;
				CLANG_WARN_UNREACHABLE_CODE = YES;
				CLANG_WARN__DUPLICATE_METHOD_MATCH = YES;
				COPY_PHASE_STRIP = NO;
				DEBUG_INFORMATION_FORMAT = dwarf;
				ENABLE_STRICT_OBJC_MSGSEND = YES;
				ENABLE_TESTABILITY = YES;
				GCC_C_LANGUAGE_STANDARD = gnu11;
				GCC_DYNAMIC_NO_PIC = NO;
				GCC_NO_COMMON_BLOCKS = YES;
				GCC_OPTIMIZATION_LEVEL = 0;
				GCC_PREPROCESSOR_DEFINITIONS = (
					"DEBUG=1",
					"$(inherited)",
				);
				GCC_WARN_64_TO_32_BIT_CONVERSION = YES;
				GCC_WARN_ABOUT_RETURN_TYPE = YES_ERROR;
				GCC_WARN_UNDECLARED_SELECTOR = YES;
				GCC_WARN_UNINITIALIZED_AUTOS = YES_AGGRESSIVE;
				GCC_WARN_UNUSED_FUNCTION = YES;
				GCC_WARN_UNUSED_VARIABLE = YES;
				IPHONEOS_DEPLOYMENT_TARGET = 15.0;
				MTL_ENABLE_DEBUG_INFO = INCLUDE_SOURCE;
				MTL_FAST_MATH = YES;
				ONLY_ACTIVE_ARCH = YES;
				SDKROOT = iphoneos;
				SWIFT_ACTIVE_COMPILATION_CONDITIONS = DEBUG;
				SWIFT_OPTIMIZATION_LEVEL = "-Onone";
			};
			name = Debug;
		};
		0B91990D2760C9B500CEDA78 /* Release */ = {
			isa = XCBuildConfiguration;
			buildSettings = {
				ALWAYS_SEARCH_USER_PATHS = NO;
				CLANG_ANALYZER_NONNULL = YES;
				CLANG_ANALYZER_NUMBER_OBJECT_CONVERSION = YES_AGGRESSIVE;
				CLANG_CXX_LANGUAGE_STANDARD = "gnu++17";
				CLANG_CXX_LIBRARY = "libc++";
				CLANG_ENABLE_MODULES = YES;
				CLANG_ENABLE_OBJC_ARC = YES;
				CLANG_ENABLE_OBJC_WEAK = YES;
				CLANG_WARN_BLOCK_CAPTURE_AUTORELEASING = YES;
				CLANG_WARN_BOOL_CONVERSION = YES;
				CLANG_WARN_COMMA = YES;
				CLANG_WARN_CONSTANT_CONVERSION = YES;
				CLANG_WARN_DEPRECATED_OBJC_IMPLEMENTATIONS = YES;
				CLANG_WARN_DIRECT_OBJC_ISA_USAGE = YES_ERROR;
				CLANG_WARN_DOCUMENTATION_COMMENTS = YES;
				CLANG_WARN_EMPTY_BODY = YES;
				CLANG_WARN_ENUM_CONVERSION = YES;
				CLANG_WARN_INFINITE_RECURSION = YES;
				CLANG_WARN_INT_CONVERSION = YES;
				CLANG_WARN_NON_LITERAL_NULL_CONVERSION = YES;
				CLANG_WARN_OBJC_IMPLICIT_RETAIN_SELF = YES;
				CLANG_WARN_OBJC_LITERAL_CONVERSION = YES;
				CLANG_WARN_OBJC_ROOT_CLASS = YES_ERROR;
				CLANG_WARN_QUOTED_INCLUDE_IN_FRAMEWORK_HEADER = YES;
				CLANG_WARN_RANGE_LOOP_ANALYSIS = YES;
				CLANG_WARN_STRICT_PROTOTYPES = YES;
				CLANG_WARN_SUSPICIOUS_MOVE = YES;
				CLANG_WARN_UNGUARDED_AVAILABILITY = YES_AGGRESSIVE;
				CLANG_WARN_UNREACHABLE_CODE = YES;
				CLANG_WARN__DUPLICATE_METHOD_MATCH = YES;
				COPY_PHASE_STRIP = NO;
				DEBUG_INFORMATION_FORMAT = "dwarf-with-dsym";
				ENABLE_NS_ASSERTIONS = NO;
				ENABLE_STRICT_OBJC_MSGSEND = YES;
				GCC_C_LANGUAGE_STANDARD = gnu11;
				GCC_NO_COMMON_BLOCKS = YES;
				GCC_WARN_64_TO_32_BIT_CONVERSION = YES;
				GCC_WARN_ABOUT_RETURN_TYPE = YES_ERROR;
				GCC_WARN_UNDECLARED_SELECTOR = YES;
				GCC_WARN_UNINITIALIZED_AUTOS = YES_AGGRESSIVE;
				GCC_WARN_UNUSED_FUNCTION = YES;
				GCC_WARN_UNUSED_VARIABLE = YES;
				IPHONEOS_DEPLOYMENT_TARGET = 15.0;
				MTL_ENABLE_DEBUG_INFO = NO;
				MTL_FAST_MATH = YES;
				SDKROOT = iphoneos;
				SWIFT_COMPILATION_MODE = wholemodule;
				SWIFT_OPTIMIZATION_LEVEL = "-O";
				VALIDATE_PRODUCT = YES;
			};
			name = Release;
		};
		0B91990F2760C9B500CEDA78 /* Debug */ = {
			isa = XCBuildConfiguration;
			buildSettings = {
				ASSETCATALOG_COMPILER_APPICON_NAME = AppIcon;
				ASSETCATALOG_COMPILER_GLOBAL_ACCENT_COLOR_NAME = AccentColor;
				CODE_SIGN_STYLE = Automatic;
				CURRENT_PROJECT_VERSION = 1;
				DEVELOPMENT_ASSET_PATHS = "";
				DEVELOPMENT_TEAM = ZWZ6SUF655;
				ENABLE_PREVIEWS = YES;
				GENERATE_INFOPLIST_FILE = YES;
				INFOPLIST_KEY_NSCameraUsageDescription = "";
				INFOPLIST_KEY_UIApplicationSupportsIndirectInputEvents = YES;
				INFOPLIST_KEY_UILaunchScreen_Generation = YES;
				INFOPLIST_KEY_UILaunchStoryboardName = LaunchScreen;
				INFOPLIST_KEY_UIMainStoryboardFile = Main;
				INFOPLIST_KEY_UIRequiredDeviceCapabilities = arkit;
				INFOPLIST_KEY_UIStatusBarHidden = YES;
				INFOPLIST_KEY_UISupportedInterfaceOrientations_iPad = "UIInterfaceOrientationPortrait UIInterfaceOrientationPortraitUpsideDown UIInterfaceOrientationLandscapeLeft UIInterfaceOrientationLandscapeRight";
				INFOPLIST_KEY_UISupportedInterfaceOrientations_iPhone = "UIInterfaceOrientationPortrait UIInterfaceOrientationLandscapeLeft UIInterfaceOrientationLandscapeRight";
				LD_RUNPATH_SEARCH_PATHS = (
					"$(inherited)",
					"@executable_path/Frameworks",
				);
				MARKETING_VERSION = 1.0;
				PRODUCT_BUNDLE_IDENTIFIER = "com.huthelyCorp.Future-store";
				PRODUCT_NAME = FAS;
				SWIFT_EMIT_LOC_STRINGS = YES;
				SWIFT_VERSION = 5.0;
				TARGETED_DEVICE_FAMILY = "1,2";
			};
			name = Debug;
		};
		0B9199102760C9B500CEDA78 /* Release */ = {
			isa = XCBuildConfiguration;
			buildSettings = {
				ASSETCATALOG_COMPILER_APPICON_NAME = AppIcon;
				ASSETCATALOG_COMPILER_GLOBAL_ACCENT_COLOR_NAME = AccentColor;
				CODE_SIGN_STYLE = Automatic;
				CURRENT_PROJECT_VERSION = 1;
				DEVELOPMENT_ASSET_PATHS = "";
				DEVELOPMENT_TEAM = ZWZ6SUF655;
				ENABLE_PREVIEWS = YES;
				GENERATE_INFOPLIST_FILE = YES;
				INFOPLIST_KEY_NSCameraUsageDescription = "";
				INFOPLIST_KEY_UIApplicationSupportsIndirectInputEvents = YES;
				INFOPLIST_KEY_UILaunchScreen_Generation = YES;
				INFOPLIST_KEY_UILaunchStoryboardName = LaunchScreen;
				INFOPLIST_KEY_UIMainStoryboardFile = Main;
				INFOPLIST_KEY_UIRequiredDeviceCapabilities = arkit;
				INFOPLIST_KEY_UIStatusBarHidden = YES;
				INFOPLIST_KEY_UISupportedInterfaceOrientations_iPad = "UIInterfaceOrientationPortrait UIInterfaceOrientationPortraitUpsideDown UIInterfaceOrientationLandscapeLeft UIInterfaceOrientationLandscapeRight";
				INFOPLIST_KEY_UISupportedInterfaceOrientations_iPhone = "UIInterfaceOrientationPortrait UIInterfaceOrientationLandscapeLeft UIInterfaceOrientationLandscapeRight";
				LD_RUNPATH_SEARCH_PATHS = (
					"$(inherited)",
					"@executable_path/Frameworks",
				);
				MARKETING_VERSION = 1.0;
				PRODUCT_BUNDLE_IDENTIFIER = "com.huthelyCorp.Future-store";
				PRODUCT_NAME = FAS;
				SWIFT_EMIT_LOC_STRINGS = YES;
				SWIFT_VERSION = 5.0;
				TARGETED_DEVICE_FAMILY = "1,2";
			};
			name = Release;
		};
/* End XCBuildConfiguration section */

/* Begin XCConfigurationList section */
		0B9198E32760C9B400CEDA78 /* Build configuration list for PBXProject "Future store" */ = {
			isa = XCConfigurationList;
			buildConfigurations = (
				0B91990C2760C9B500CEDA78 /* Debug */,
				0B91990D2760C9B500CEDA78 /* Release */,
			);
			defaultConfigurationIsVisible = 0;
			defaultConfigurationName = Release;
		};
		0B91990E2760C9B500CEDA78 /* Build configuration list for PBXNativeTarget "Future store" */ = {
			isa = XCConfigurationList;
			buildConfigurations = (
				0B91990F2760C9B500CEDA78 /* Debug */,
				0B9199102760C9B500CEDA78 /* Release */,
			);
			defaultConfigurationIsVisible = 0;
			defaultConfigurationName = Release;
		};
/* End XCConfigurationList section */

/* Begin XCRemoteSwiftPackageReference section */
		0B4D4A8027662F4900D9A693 /* XCRemoteSwiftPackageReference "firebase-ios-sdk" */ = {
			isa = XCRemoteSwiftPackageReference;
			repositoryURL = "https://github.com/firebase/firebase-ios-sdk";
			requirement = {
				kind = upToNextMajorVersion;
				minimumVersion = 8.0.0;
			};
		};
/* End XCRemoteSwiftPackageReference section */

/* Begin XCSwiftPackageProductDependency section */
		0B4D4A8127662F4900D9A693 /* FirebaseAnalytics */ = {
			isa = XCSwiftPackageProductDependency;
			package = 0B4D4A8027662F4900D9A693 /* XCRemoteSwiftPackageReference "firebase-ios-sdk" */;
			productName = FirebaseAnalytics;
		};
		0B4D4A8327662F4900D9A693 /* FirebaseAuth */ = {
			isa = XCSwiftPackageProductDependency;
			package = 0B4D4A8027662F4900D9A693 /* XCRemoteSwiftPackageReference "firebase-ios-sdk" */;
			productName = FirebaseAuth;
		};
		0B4D4A8527662F4900D9A693 /* FirebaseFirestore */ = {
			isa = XCSwiftPackageProductDependency;
			package = 0B4D4A8027662F4900D9A693 /* XCRemoteSwiftPackageReference "firebase-ios-sdk" */;
			productName = FirebaseFirestore;
		};
/* End XCSwiftPackageProductDependency section */
	};
	rootObject = 0B9198E02760C9B400CEDA78 /* Project object */;
}
